
Microsoft Visual Studio Solution File, Format Version 12.00
# Visual Studio 15
VisualStudioVersion = 15.0.28010.2048
MinimumVisualStudioVersion = 10.0.40219.1
Project("{FAE04EC0-301F-11D3-BF4B-00C04F79EFBC}") = "ProyectoMatrices", "ProyectoMatrices\ProyectoMatrices.csproj", "{9F1E824A-F32D-4256-A413-E6A348ABD2AA}"
EndProject
Global
	GlobalSection(SolutionConfigurationPlatforms) = preSolution
		Debug|Any CPU = Debug|Any CPU
		Release|Any CPU = Release|Any CPU
	EndGlobalSection
	GlobalSection(ProjectConfigurationPlatforms) = postSolution
		{9F1E824A-F32D-4256-A413-E6A348ABD2AA}.Debug|Any CPU.ActiveCfg = Debug|Any CPU
		{9F1E824A-F32D-4256-A413-E6A348ABD2AA}.Debug|Any CPU.Build.0 = Debug|Any CPU
		{9F1E824A-F32D-4256-A413-E6A348ABD2AA}.Release|Any CPU.ActiveCfg = Release|Any CPU
		{9F1E824A-F32D-4256-A413-E6A348ABD2AA}.Release|Any CPU.Build.0 = Release|Any CPU
	EndGlobalSection
	GlobalSection(SolutionProperties) = preSolution
		HideSolutionNode = FALSE
	EndGlobalSection
	GlobalSection(ExtensibilityGlobals) = postSolution
		SolutionGuid = {5A06270F-B286-4FD0-A982-8B05186BEF89}
	EndGlobalSection
EndGlobal
